
Microsoft Visual Studio Solution File, Format Version 12.00
# Visual Studio Version 16
VisualStudioVersion = 16.0.29318.209
MinimumVisualStudioVersion = 10.0.40219.1
Project("{9A19103F-16F7-4668-BE54-9A1E7A4F7556}") = "LightBulb", "LightBulb\LightBulb.csproj", "{0A32502C-95DD-4CDA-B98F-36891AD566C4}"
EndProject
Project("{9A19103F-16F7-4668-BE54-9A1E7A4F7556}") = "LightBulb.WindowsApi", "LightBulb.WindowsApi\LightBulb.WindowsApi.csproj", "{966EE539-7568-40BE-85D7-362D8922DEA8}"
EndProject
Project("{2150E333-8FDC-42A3-9474-1A3956D46DE8}") = "Solution Items", "Solution Items", "{BE19AEAD-02BC-4F40-AC14-D30082A5E78B}"
	ProjectSection(SolutionItems) = preProject
		Changelog.md = Changelog.md
		License.txt = License.txt
		ReadMe.md = ReadMe.md
		LightBulb.props = LightBulb.props
	EndProjectSection
EndProject
Project("{9A19103F-16F7-4668-BE54-9A1E7A4F7556}") = "LightBulb.Tests", "LightBulb.Tests\LightBulb.Tests.csproj", "{6DE898D9-0BAF-4C96-B19A-FCFCF8CE046F}"
EndProject
Global
	GlobalSection(SolutionConfigurationPlatforms) = preSolution
		Debug|Any CPU = Debug|Any CPU
		Release|Any CPU = Release|Any CPU
	EndGlobalSection
	GlobalSection(ProjectConfigurationPlatforms) = postSolution
		{0A32502C-95DD-4CDA-B98F-36891AD566C4}.Debug|Any CPU.ActiveCfg = Debug|Any CPU
		{0A32502C-95DD-4CDA-B98F-36891AD566C4}.Debug|Any CPU.Build.0 = Debug|Any CPU
		{0A32502C-95DD-4CDA-B98F-36891AD566C4}.Release|Any CPU.ActiveCfg = Release|Any CPU
		{0A32502C-95DD-4CDA-B98F-36891AD566C4}.Release|Any CPU.Build.0 = Release|Any CPU
		{966EE539-7568-40BE-85D7-362D8922DEA8}.Debug|Any CPU.ActiveCfg = Debug|Any CPU
		{966EE539-7568-40BE-85D7-362D8922DEA8}.Debug|Any CPU.Build.0 = Debug|Any CPU
		{966EE539-7568-40BE-85D7-362D8922DEA8}.Release|Any CPU.ActiveCfg = Release|Any CPU
		{966EE539-7568-40BE-85D7-362D8922DEA8}.Release|Any CPU.Build.0 = Release|Any CPU
		{6DE898D9-0BAF-4C96-B19A-FCFCF8CE046F}.Debug|Any CPU.ActiveCfg = Debug|Any CPU
		{6DE898D9-0BAF-4C96-B19A-FCFCF8CE046F}.Debug|Any CPU.Build.0 = Debug|Any CPU
		{6DE898D9-0BAF-4C96-B19A-FCFCF8CE046F}.Release|Any CPU.ActiveCfg = Release|Any CPU
		{6DE898D9-0BAF-4C96-B19A-FCFCF8CE046F}.Release|Any CPU.Build.0 = Release|Any CPU
	EndGlobalSection
	GlobalSection(SolutionProperties) = preSolution
		HideSolutionNode = FALSE
	EndGlobalSection
	GlobalSection(ExtensibilityGlobals) = postSolution
		SolutionGuid = {86204712-BD15-4A92-8BA3-EE2E38B00EE2}
	EndGlobalSection
EndGlobal
